
Microsoft Visual Studio Solution File, Format Version 12.00
# Visual Studio 2013
VisualStudioVersion = 12.0.21005.1
MinimumVisualStudioVersion = 10.0.40219.1
Project("{FAE04EC0-301F-11D3-BF4B-00C04F79EFBC}") = "SendEmail_v3", "SendEmail_v3\SendEmail_v3.csproj", "{0657B66F-242D-4949-BE25-5D83989336F2}"
EndProject
Project("{FAE04EC0-301F-11D3-BF4B-00C04F79EFBC}") = "GetData", "GetData\GetData.csproj", "{316DB5A5-805C-4D5A-8CB6-7F73FCB74FFD}"
EndProject
Global
	GlobalSection(SolutionConfigurationPlatforms) = preSolution
		Debug|Any CPU = Debug|Any CPU
		Release|Any CPU = Release|Any CPU
	EndGlobalSection
	GlobalSection(ProjectConfigurationPlatforms) = postSolution
		{0657B66F-242D-4949-BE25-5D83989336F2}.Debug|Any CPU.ActiveCfg = Debug|Any CPU
		{0657B66F-242D-4949-BE25-5D83989336F2}.Debug|Any CPU.Build.0 = Debug|Any CPU
		{0657B66F-242D-4949-BE25-5D83989336F2}.Release|Any CPU.ActiveCfg = Release|Any CPU
		{0657B66F-242D-4949-BE25-5D83989336F2}.Release|Any CPU.Build.0 = Release|Any CPU
		{316DB5A5-805C-4D5A-8CB6-7F73FCB74FFD}.Debug|Any CPU.ActiveCfg = Debug|Any CPU
		{316DB5A5-805C-4D5A-8CB6-7F73FCB74FFD}.Debug|Any CPU.Build.0 = Debug|Any CPU
		{316DB5A5-805C-4D5A-8CB6-7F73FCB74FFD}.Release|Any CPU.ActiveCfg = Release|Any CPU
		{316DB5A5-805C-4D5A-8CB6-7F73FCB74FFD}.Release|Any CPU.Build.0 = Release|Any CPU
	EndGlobalSection
	GlobalSection(SolutionProperties) = preSolution
		HideSolutionNode = FALSE
	EndGlobalSection
EndGlobal
